
Microsoft Visual Studio Solution File, Format Version 12.00
# Visual Studio 15
VisualStudioVersion = 15.0.27703.2042
MinimumVisualStudioVersion = 10.0.40219.1
Project("{9A19103F-16F7-4668-BE54-9A1E7A4F7556}") = "justToTry", "justToTry\justToTry.csproj", "{DACBBA59-F3F0-4162-92A8-EF1AF9668002}"
EndProject
Project("{9A19103F-16F7-4668-BE54-9A1E7A4F7556}") = "ConsoleApp1", "ConsoleApp1\ConsoleApp1.csproj", "{812E5DF9-78ED-4C57-9389-EEF5D6DDE08D}"
EndProject
Project("{9A19103F-16F7-4668-BE54-9A1E7A4F7556}") = "ConsoleApp2", "ConsoleApp2\ConsoleApp2.csproj", "{7048221A-76B7-4020-9979-BA6D03ECE5D2}"
EndProject
Project("{9A19103F-16F7-4668-BE54-9A1E7A4F7556}") = "ConsoleApp3", "ConsoleApp3\ConsoleApp3.csproj", "{2675AC99-EC2A-4048-9954-B7B4D441CA55}"
EndProject
Global
	GlobalSection(SolutionConfigurationPlatforms) = preSolution
		Debug|Any CPU = Debug|Any CPU
		Release|Any CPU = Release|Any CPU
	EndGlobalSection
	GlobalSection(ProjectConfigurationPlatforms) = postSolution
		{DACBBA59-F3F0-4162-92A8-EF1AF9668002}.Debug|Any CPU.ActiveCfg = Debug|Any CPU
		{DACBBA59-F3F0-4162-92A8-EF1AF9668002}.Debug|Any CPU.Build.0 = Debug|Any CPU
		{DACBBA59-F3F0-4162-92A8-EF1AF9668002}.Release|Any CPU.ActiveCfg = Release|Any CPU
		{DACBBA59-F3F0-4162-92A8-EF1AF9668002}.Release|Any CPU.Build.0 = Release|Any CPU
		{812E5DF9-78ED-4C57-9389-EEF5D6DDE08D}.Debug|Any CPU.ActiveCfg = Debug|Any CPU
		{812E5DF9-78ED-4C57-9389-EEF5D6DDE08D}.Debug|Any CPU.Build.0 = Debug|Any CPU
		{812E5DF9-78ED-4C57-9389-EEF5D6DDE08D}.Release|Any CPU.ActiveCfg = Release|Any CPU
		{812E5DF9-78ED-4C57-9389-EEF5D6DDE08D}.Release|Any CPU.Build.0 = Release|Any CPU
		{7048221A-76B7-4020-9979-BA6D03ECE5D2}.Debug|Any CPU.ActiveCfg = Debug|Any CPU
		{7048221A-76B7-4020-9979-BA6D03ECE5D2}.Debug|Any CPU.Build.0 = Debug|Any CPU
		{7048221A-76B7-4020-9979-BA6D03ECE5D2}.Release|Any CPU.ActiveCfg = Release|Any CPU
		{7048221A-76B7-4020-9979-BA6D03ECE5D2}.Release|Any CPU.Build.0 = Release|Any CPU
		{2675AC99-EC2A-4048-9954-B7B4D441CA55}.Debug|Any CPU.ActiveCfg = Debug|Any CPU
		{2675AC99-EC2A-4048-9954-B7B4D441CA55}.Debug|Any CPU.Build.0 = Debug|Any CPU
		{2675AC99-EC2A-4048-9954-B7B4D441CA55}.Release|Any CPU.ActiveCfg = Release|Any CPU
		{2675AC99-EC2A-4048-9954-B7B4D441CA55}.Release|Any CPU.Build.0 = Release|Any CPU
	EndGlobalSection
	GlobalSection(SolutionProperties) = preSolution
		HideSolutionNode = FALSE
	EndGlobalSection
	GlobalSection(ExtensibilityGlobals) = postSolution
		SolutionGuid = {A8C535B1-A91F-4EA1-B8C3-02A54F848022}
	EndGlobalSection
EndGlobal
